{
  "name": "homi-miniprogram-client",
  "version": "1.0.0",
  "lockfileVersion": 2,
  "requires": true,
  "packages": {
    "": {
      "name": "homi-miniprogram-client",
      "version": "1.0.0",
      "license": "ISC",
      "dependencies": {
        "@vant/weapp": "^1.10.3",
        "pixi.js": "^6.3.2"
      }
    },
    "node_modules/@pixi/accessibility": {
      "version": "6.3.2",
      "resolved": "https://registry.npmmirror.com/@pixi/accessibility/-/accessibility-6.3.2.tgz",
      "integrity": "sha512-JLDuSGITGEOmR7s0d1Wxj7a3yIp4hP6w2h6ku6iu3clE/bmVtnvhqMX1D1lhjRW/uWUfpVT4U+8CG+LgSsEZ1g==",
      "peerDependencies": {
        "@pixi/core": "6.3.2",
        "@pixi/display": "6.3.2",
        "@pixi/utils": "6.3.2"
      }
    },
    "node_modules/@pixi/app": {
      "version": "6.3.2",
      "resolved": "https://registry.npmmirror.com/@pixi/app/-/app-6.3.2.tgz",
      "integrity": "sha512-V1jnhL92OPiquXtLxUeSZiVDd1mtjRnYpBKA958w29MrIRBx3Y6dgnvsaFZGGWBvSL//WRYV23iZKVL/jRGmmQ==",
      "peerDependencies": {
        "@pixi/core": "6.3.2",
        "@pixi/display": "6.3.2"
      }
    },
    "node_modules/@pixi/compressed-textures": {
      "version": "6.3.2",
      "resolved": "https://registry.npmmirror.com/@pixi/compressed-textures/-/compressed-textures-6.3.2.tgz",
      "integrity": "sha512-E/T9WsWcTstnCaDo3GQZUsvX2bE1tZwJ+rUVQ6ad+9MLI6mpUKJFUy5XXlnZw0uiKU5Hipi1ASPQ8/EQ7kKebA==",
      "peerDependencies": {
        "@pixi/constants": "6.3.2",
        "@pixi/core": "6.3.2",
        "@pixi/loaders": "6.3.2",
        "@pixi/utils": "6.3.2"
      }
    },
    "node_modules/@pixi/constants": {
      "version": "6.3.2",
      "resolved": "https://registry.npmmirror.com/@pixi/constants/-/constants-6.3.2.tgz",
      "integrity": "sha512-sUE8QEJNl4vWUybS0YqpVUBWoOyLkr5bSj1+3mpmbWJTMVmLB2voFXo7XpSNCBlLH1SBN5flcgJlUWOCgNyATg=="
    },
    "node_modules/@pixi/core": {
      "version": "6.3.2",
      "resolved": "https://registry.npmmirror.com/@pixi/core/-/core-6.3.2.tgz",
      "integrity": "sha512-91Fw0CbFpPtMKo5TG1wdaZGgR99lX87l15F7kgge7FM7ZR4EghLiJHU8whQ19f/UNOd8AG7mHD84lUB1VXXfoA==",
      "dependencies": {
        "@types/offscreencanvas": "^2019.6.4"
      },
      "peerDependencies": {
        "@pixi/constants": "6.3.2",
        "@pixi/math": "6.3.2",
        "@pixi/runner": "6.3.2",
        "@pixi/settings": "6.3.2",
        "@pixi/ticker": "6.3.2",
        "@pixi/utils": "6.3.2"
      }
    },
    "node_modules/@pixi/display": {
      "version": "6.3.2",
      "resolved": "https://registry.npmmirror.com/@pixi/display/-/display-6.3.2.tgz",
      "integrity": "sha512-D+WiM0BcyPK91RYxl7TXXVNz/5lOGs8Q6jtCMcWgTHwCXxWPOHFnNZ4KPJZpUQ7me8Tl2u+c9hfB5Oh1+17r/Q==",
      "peerDependencies": {
        "@pixi/math": "6.3.2",
        "@pixi/settings": "6.3.2",
        "@pixi/utils": "6.3.2"
      }
    },
    "node_modules/@pixi/extract": {
      "version": "6.3.2",
      "resolved": "https://registry.npmmirror.com/@pixi/extract/-/extract-6.3.2.tgz",
      "integrity": "sha512-9DT3EG5dE/+HlSsbWLZ28/+YwGzHwgOPIMLB8AHxDsWYKzDg+SDK53IUE2UIeEiV8AFHwaDT2K+/qPFUUcS0Bw==",
      "peerDependencies": {
        "@pixi/core": "6.3.2",
        "@pixi/math": "6.3.2",
        "@pixi/utils": "6.3.2"
      }
    },
    "node_modules/@pixi/filter-alpha": {
      "version": "6.3.2",
      "resolved": "https://registry.npmmirror.com/@pixi/filter-alpha/-/filter-alpha-6.3.2.tgz",
      "integrity": "sha512-EhFnGuzUnQ94tosInBlMEOtiDtTAm4ZbWtoSYrH3GP7WORCQB5asWTFsOZv/QxwEbloRbxsDOATVIwS5ZcgNOg==",
      "peerDependencies": {
        "@pixi/core": "6.3.2"
      }
    },
    "node_modules/@pixi/filter-blur": {
      "version": "6.3.2",
      "resolved": "https://registry.npmmirror.com/@pixi/filter-blur/-/filter-blur-6.3.2.tgz",
      "integrity": "sha512-408Z/Rc2LJRg8AaBfzStAph18G0pT3LdLowdTOqPI2s007jgT7wLr9CyWdRe6DdSmPikgnn50R3QG9YeOPWONw==",
      "peerDependencies": {
        "@pixi/core": "6.3.2",
        "@pixi/settings": "6.3.2"
      }
    },
    "node_modules/@pixi/filter-color-matrix": {
      "version": "6.3.2",
      "resolved": "https://registry.npmmirror.com/@pixi/filter-color-matrix/-/filter-color-matrix-6.3.2.tgz",
      "integrity": "sha512-PRrQWRRUJ3qDqHhqYNcZ8H3tjXyFbIoUGdTOgB1uCNBHmzJ7Cirhs4lWYBBTvtduboUSGvLMpkv0sgFwodPw4Q==",
      "peerDependencies": {
        "@pixi/core": "6.3.2"
      }
    },
    "node_modules/@pixi/filter-displacement": {
      "version": "6.3.2",
      "resolved": "https://registry.npmmirror.com/@pixi/filter-displacement/-/filter-displacement-6.3.2.tgz",
      "integrity": "sha512-Bda8jY3lVBwlG1GZadYPGXQPO7O+nTt64/KTXQgLtaKB+xj6Me5L7l9IDWtkHEoUTtQK4yCsbkdqKgLKKmNFYg==",
      "peerDependencies": {
        "@pixi/core": "6.3.2",
        "@pixi/math": "6.3.2"
      }
    },
    "node_modules/@pixi/filter-fxaa": {
      "version": "6.3.2",
      "resolved": "https://registry.npmmirror.com/@pixi/filter-fxaa/-/filter-fxaa-6.3.2.tgz",
      "integrity": "sha512-C5Ga5MJlBFoZUa5oOZEsEEByPzpa+JTRVT7+qQ01g4khU1Mnk/p8JvNm6DYUqw9Y821OR80AmHm2O+r5MkLhcQ==",
      "peerDependencies": {
        "@pixi/core": "6.3.2"
      }
    },
    "node_modules/@pixi/filter-noise": {
      "version": "6.3.2",
      "resolved": "https://registry.npmmirror.com/@pixi/filter-noise/-/filter-noise-6.3.2.tgz",
      "integrity": "sha512-8lZdccDdlKTNktbD+8aeYfceayV6Rzq1P6NLpbvzFZbxH6JoaaNQb2TQgU+Vl/ZcssBB+IJ8MvJZbLuWKC4CmQ==",
      "peerDependencies": {
        "@pixi/core": "6.3.2"
      }
    },
    "node_modules/@pixi/graphics": {
      "version": "6.3.2",
      "resolved": "https://registry.npmmirror.com/@pixi/graphics/-/graphics-6.3.2.tgz",
      "integrity": "sha512-GaykoXJr0pV0e9TB1yOcgvJf9i/fIF/cgT+DnGz82uninWMo31aFJSvhLbZOcEPQRfdHXdFfUkQAAMTICAp7+Q==",
      "peerDependencies": {
        "@pixi/constants": "6.3.2",
        "@pixi/core": "6.3.2",
        "@pixi/display": "6.3.2",
        "@pixi/math": "6.3.2",
        "@pixi/sprite": "6.3.2",
        "@pixi/utils": "6.3.2"
      }
    },
    "node_modules/@pixi/interaction": {
      "version": "6.3.2",
      "resolved": "https://registry.npmmirror.com/@pixi/interaction/-/interaction-6.3.2.tgz",
      "integrity": "sha512-HZyflufAW1B1cQmQBvzv4IxwcHbqQ0zhHiabSVtwPUHW/nCSpw09hL+k4HR/aFyCdRI/99JcvW5QJp1ldA6OBw==",
      "peerDependencies": {
        "@pixi/core": "6.3.2",
        "@pixi/display": "6.3.2",
        "@pixi/math": "6.3.2",
        "@pixi/ticker": "6.3.2",
        "@pixi/utils": "6.3.2"
      }
    },
    "node_modules/@pixi/loaders": {
      "version": "6.3.2",
      "resolved": "https://registry.npmmirror.com/@pixi/loaders/-/loaders-6.3.2.tgz",
      "integrity": "sha512-kkm1pynWTslQsh+h+Tw17MdeRMQ37Ht72xiZetyWbxadRAnzj+x1I9juEKEFK62mw8K/bGBcNPhu7edgmQwkvw==",
      "peerDependencies": {
        "@pixi/constants": "6.3.2",
        "@pixi/core": "6.3.2",
        "@pixi/utils": "6.3.2"
      }
    },
    "node_modules/@pixi/math": {
      "version": "6.3.2",
      "resolved": "https://registry.npmmirror.com/@pixi/math/-/math-6.3.2.tgz",
      "integrity": "sha512-REXrCKQaT2shJ3p2Rpq1ZYV4iUeAOUFKnLN2KteQWtB5HQpB8b+w5xBGI+TcnY0FUhx92fbKPYTTvCftNZF4Jw=="
    },
    "node_modules/@pixi/mesh": {
      "version": "6.3.2",
      "resolved": "https://registry.npmmirror.com/@pixi/mesh/-/mesh-6.3.2.tgz",
      "integrity": "sha512-zhfagRDGkJx+H4a+Im3wQbCeS0Av1FyHzvPeBXXQ7LP/giwTnvJhItlhGMwgFllNEAIB47An0ffFEe5CmTcyKw==",
      "peerDependencies": {
        "@pixi/constants": "6.3.2",
        "@pixi/core": "6.3.2",
        "@pixi/display": "6.3.2",
        "@pixi/math": "6.3.2",
        "@pixi/settings": "6.3.2",
        "@pixi/utils": "6.3.2"
      }
    },
    "node_modules/@pixi/mesh-extras": {
      "version": "6.3.2",
      "resolved": "https://registry.npmmirror.com/@pixi/mesh-extras/-/mesh-extras-6.3.2.tgz",
      "integrity": "sha512-lODKYkoHqynMK8QxE9ttZ1D+3LnHFG13YL4Yf1W9MGgy1N9G0E5DNB8/Z1BApbRxnRPRg8fsoP2bk5Bn9boWyw==",
      "peerDependencies": {
        "@pixi/constants": "6.3.2",
        "@pixi/core": "6.3.2",
        "@pixi/math": "6.3.2",
        "@pixi/mesh": "6.3.2",
        "@pixi/utils": "6.3.2"
      }
    },
    "node_modules/@pixi/mixin-cache-as-bitmap": {
      "version": "6.3.2",
      "resolved": "https://registry.npmmirror.com/@pixi/mixin-cache-as-bitmap/-/mixin-cache-as-bitmap-6.3.2.tgz",
      "integrity": "sha512-Obqnf3Y2JBOtdewkaGb2oa8SDw3+JZCaOB+x0+pBqDivXpwX2eibS4PaYuGVTIa9FdcrGm9SyLOQlL5irEeEqA==",
      "peerDependencies": {
        "@pixi/core": "6.3.2",
        "@pixi/display": "6.3.2",
        "@pixi/math": "6.3.2",
        "@pixi/settings": "6.3.2",
        "@pixi/sprite": "6.3.2",
        "@pixi/utils": "6.3.2"
      }
    },
    "node_modules/@pixi/mixin-get-child-by-name": {
      "version": "6.3.2",
      "resolved": "https://registry.npmmirror.com/@pixi/mixin-get-child-by-name/-/mixin-get-child-by-name-6.3.2.tgz",
      "integrity": "sha512-R6RJzd1aQ5up5N7uO0boOp99gkSZVEbYKofJNRn1pFdzOmuVCgSqERAv9pQnjp5bBD8JvcKN+PYHPn+k+nTprQ==",
      "peerDependencies": {
        "@pixi/display": "6.3.2"
      }
    },
    "node_modules/@pixi/mixin-get-global-position": {
      "version": "6.3.2",
      "resolved": "https://registry.npmmirror.com/@pixi/mixin-get-global-position/-/mixin-get-global-position-6.3.2.tgz",
      "integrity": "sha512-R7F1sH68fiIvB723doEzE0+k8OfhM5N0H+Ncp8iwLwXxfUDSHVj40nIngMtdK4bLSk29TTczOeXOzXkOAEVXhA==",
      "peerDependencies": {
        "@pixi/display": "6.3.2",
        "@pixi/math": "6.3.2"
      }
    },
    "node_modules/@pixi/particle-container": {
      "version": "6.3.2",
      "resolved": "https://registry.npmmirror.com/@pixi/particle-container/-/particle-container-6.3.2.tgz",
      "integrity": "sha512-iEHtE2AWQ0NZxv57VzfsBbEEp5WXAt91+l2lNvXf1SbzEm/bqjE56Q5bftx9tl3MJlDmOEfPzzKSwIUcZT+T6w==",
      "peerDependencies": {
        "@pixi/constants": "6.3.2",
        "@pixi/core": "6.3.2",
        "@pixi/display": "6.3.2",
        "@pixi/math": "6.3.2",
        "@pixi/utils": "6.3.2"
      }
    },
    "node_modules/@pixi/polyfill": {
      "version": "6.3.2",
      "resolved": "https://registry.npmmirror.com/@pixi/polyfill/-/polyfill-6.3.2.tgz",
      "integrity": "sha512-LTKqL/de7TrBoJNh9netkQofwGBIO3NwwQbqBmP6rHXeaHBx9904Pkuf7GJspIFY09TOo5fnctYnJ1F7LfTljg==",
      "dependencies": {
        "object-assign": "^4.1.1",
        "promise-polyfill": "^8.2.0"
      }
    },
    "node_modules/@pixi/prepare": {
      "version": "6.3.2",
      "resolved": "https://registry.npmmirror.com/@pixi/prepare/-/prepare-6.3.2.tgz",
      "integrity": "sha512-HFV0jUgr5arNBlgctTRqMCgG42vq48J9QLBCZMCRObJQC5325nEXC1toeEekdzqNcGu5bO8/GKeb6+Km2XK2qA==",
      "peerDependencies": {
        "@pixi/core": "6.3.2",
        "@pixi/display": "6.3.2",
        "@pixi/graphics": "6.3.2",
        "@pixi/settings": "6.3.2",
        "@pixi/text": "6.3.2",
        "@pixi/ticker": "6.3.2"
      }
    },
    "node_modules/@pixi/runner": {
      "version": "6.3.2",
      "resolved": "https://registry.npmmirror.com/@pixi/runner/-/runner-6.3.2.tgz",
      "integrity": "sha512-Sspv4VTiV51GwoIg+WudHZHpT3ad5ukW20OLOR+eDOSLbgQEMfj4cTVRg27TvM/QZ/5LxeN3FqwWV+kiWpqCnw=="
    },
    "node_modules/@pixi/settings": {
      "version": "6.3.2",
      "resolved": "https://registry.npmmirror.com/@pixi/settings/-/settings-6.3.2.tgz",
      "integrity": "sha512-i5cLDUWFnRub3LPa3x7IzkH8MjSwPHyHWzIZKG5t8RiCfbhVfhWGEdKO9AYp8yO/xcf7AqtPK4mikXziL48tXA==",
      "dependencies": {
        "ismobilejs": "^1.1.0"
      }
    },
    "node_modules/@pixi/sprite": {
      "version": "6.3.2",
      "resolved": "https://registry.npmmirror.com/@pixi/sprite/-/sprite-6.3.2.tgz",
      "integrity": "sha512-T1KJ8l2f8Otn6Se6h4b2pz2nrUSe59Pnmj2WIzgBisM245h7dGATs05MisMaLV6Lg/3gTBTxsLBmKsbDSQqbNw==",
      "peerDependencies": {
        "@pixi/constants": "6.3.2",
        "@pixi/core": "6.3.2",
        "@pixi/display": "6.3.2",
        "@pixi/math": "6.3.2",
        "@pixi/settings": "6.3.2",
        "@pixi/utils": "6.3.2"
      }
    },
    "node_modules/@pixi/sprite-animated": {
      "version": "6.3.2",
      "resolved": "https://registry.npmmirror.com/@pixi/sprite-animated/-/sprite-animated-6.3.2.tgz",
      "integrity": "sha512-fSY64i5BqbOmtFKhgOWf9iML4gId7l5hcniUT/s95+eIZiyYss+jxeekVH22DrAyCOAIdsLEClvGCHGj8iXTFw==",
      "peerDependencies": {
        "@pixi/core": "6.3.2",
        "@pixi/sprite": "6.3.2",
        "@pixi/ticker": "6.3.2"
      }
    },
    "node_modules/@pixi/sprite-tiling": {
      "version": "6.3.2",
      "resolved": "https://registry.npmmirror.com/@pixi/sprite-tiling/-/sprite-tiling-6.3.2.tgz",
      "integrity": "sha512-13zsz0xyxMvobEaSXQghSD44+MpSwpbQJYjPVPb7ItqETqQBaZgHpC5uF6vxFR6Hou8Ca8laxRuwgpn3lA095g==",
      "peerDependencies": {
        "@pixi/constants": "6.3.2",
        "@pixi/core": "6.3.2",
        "@pixi/display": "6.3.2",
        "@pixi/math": "6.3.2",
        "@pixi/sprite": "6.3.2",
        "@pixi/utils": "6.3.2"
      }
    },
    "node_modules/@pixi/spritesheet": {
      "version": "6.3.2",
      "resolved": "https://registry.npmmirror.com/@pixi/spritesheet/-/spritesheet-6.3.2.tgz",
      "integrity": "sha512-OCi2BUqcBbh2vvbrnLLBOwxFZMQS+rvjW3udBUNbbqUL+NHy74w8N5Ed8pcxXpdfHbApGG6TVJprCGahtmEfJw==",
      "peerDependencies": {
        "@pixi/core": "6.3.2",
        "@pixi/loaders": "6.3.2",
        "@pixi/math": "6.3.2",
        "@pixi/utils": "6.3.2"
      }
    },
    "node_modules/@pixi/text": {
      "version": "6.3.2",
      "resolved": "https://registry.npmmirror.com/@pixi/text/-/text-6.3.2.tgz",
      "integrity": "sha512-YiPnUBmgZ0WzF0+XMm07iRg0jOyPbIjGmXJ+1srU5L9c3cCzvtg5QuYL0lPHS0Z6gyxhj/6ncePhBGO87RIKnA==",
      "peerDependencies": {
        "@pixi/core": "6.3.2",
        "@pixi/math": "6.3.2",
        "@pixi/settings": "6.3.2",
        "@pixi/sprite": "6.3.2",
        "@pixi/utils": "6.3.2"
      }
    },
    "node_modules/@pixi/text-bitmap": {
      "version": "6.3.2",
      "resolved": "https://registry.npmmirror.com/@pixi/text-bitmap/-/text-bitmap-6.3.2.tgz",
      "integrity": "sha512-jvMeIxoAGDlSn5rHimISI9F6fTk8D+GXG0YQraRT9oXb1Ugy/bFJph3XOTe46s4oZ5R5QeCLQmo6k7TUIvbSkA==",
      "peerDependencies": {
        "@pixi/constants": "6.3.2",
        "@pixi/core": "6.3.2",
        "@pixi/display": "6.3.2",
        "@pixi/loaders": "6.3.2",
        "@pixi/math": "6.3.2",
        "@pixi/mesh": "6.3.2",
        "@pixi/settings": "6.3.2",
        "@pixi/text": "6.3.2",
        "@pixi/utils": "6.3.2"
      }
    },
    "node_modules/@pixi/ticker": {
      "version": "6.3.2",
      "resolved": "https://registry.npmmirror.com/@pixi/ticker/-/ticker-6.3.2.tgz",
      "integrity": "sha512-Au9IO85zCOOCz50aJALFxJ2C8gbgxvD0dSNm7A5FauanJbxDcctIyrW6I51nNyHyeLIUFEkuD2jE/DmcXsXnpw==",
      "peerDependencies": {
        "@pixi/settings": "6.3.2"
      }
    },
    "node_modules/@pixi/utils": {
      "version": "6.3.2",
      "resolved": "https://registry.npmmirror.com/@pixi/utils/-/utils-6.3.2.tgz",
      "integrity": "sha512-VpB403kfqwXK9w7Qb6ex0aW0g6pWI/t43F2Z8CA/lAfYcN3O0XoxDucvmkLTQWsMtYn+Yf7YhAcLV5SemKwP0A==",
      "dependencies": {
        "@types/earcut": "^2.1.0",
        "earcut": "^2.2.2",
        "eventemitter3": "^3.1.0",
        "url": "^0.11.0"
      },
      "peerDependencies": {
        "@pixi/constants": "6.3.2",
        "@pixi/settings": "6.3.2"
      }
    },
    "node_modules/@types/earcut": {
      "version": "2.1.1",
      "resolved": "https://registry.npmmirror.com/@types/earcut/-/earcut-2.1.1.tgz",
      "integrity": "sha512-w8oigUCDjElRHRRrMvn/spybSMyX8MTkKA5Dv+tS1IE/TgmNZPqUYtvYBXGY8cieSE66gm+szeK+bnbxC2xHTQ=="
    },
    "node_modules/@types/offscreencanvas": {
      "version": "2019.6.4",
      "resolved": "https://registry.npmmirror.com/@types/offscreencanvas/-/offscreencanvas-2019.6.4.tgz",
      "integrity": "sha512-u8SAgdZ8ROtkTF+mfZGOscl0or6BSj9A4g37e6nvxDc+YB/oDut0wHkK2PBBiC2bNR8TS0CPV+1gAk4fNisr1Q=="
    },
    "node_modules/@vant/weapp": {
      "version": "1.10.3",
      "resolved": "https://registry.npmjs.org/@vant/weapp/-/weapp-1.10.3.tgz",
      "integrity": "sha512-CcG5umI+zlJRN6hQXPeknOenPkVm6WBEgBaB6Y94kOmKLx9NHtHBdURwxuJEA4q4mxhUdOuf6sV7I8tZBnCVxw=="
    },
    "node_modules/earcut": {
      "version": "2.2.3",
      "resolved": "https://registry.npmmirror.com/earcut/-/earcut-2.2.3.tgz",
      "integrity": "sha512-iRDI1QeCQIhMCZk48DRDMVgQSSBDmbzzNhnxIo+pwx3swkfjMh6vh0nWLq1NdvGHLKH6wIrAM3vQWeTj6qeoug=="
    },
    "node_modules/eventemitter3": {
      "version": "3.1.2",
      "resolved": "https://registry.npmmirror.com/eventemitter3/-/eventemitter3-3.1.2.tgz",
      "integrity": "sha512-tvtQIeLVHjDkJYnzf2dgVMxfuSGJeM/7UCG17TT4EumTfNtF+0nebF/4zWOIkCreAbtNqhGEboB6BWrwqNaw4Q=="
    },
    "node_modules/ismobilejs": {
      "version": "1.1.1",
      "resolved": "https://registry.npmmirror.com/ismobilejs/-/ismobilejs-1.1.1.tgz",
      "integrity": "sha512-VaFW53yt8QO61k2WJui0dHf4SlL8lxBofUuUmwBo0ljPk0Drz2TiuDW4jo3wDcv41qy/SxrJ+VAzJ/qYqsmzRw=="
    },
    "node_modules/object-assign": {
      "version": "4.1.1",
      "resolved": "https://registry.npmmirror.com/object-assign/-/object-assign-4.1.1.tgz",
      "integrity": "sha512-rJgTQnkUnH1sFw8yT6VSU3zD3sWmu6sZhIseY8VX+GRu3P6F7Fu+JNDoXfklElbLJSnc3FUQHVe4cU5hj+BcUg==",
      "engines": {
        "node": ">=0.10.0"
      }
    },
    "node_modules/pixi.js": {
      "version": "6.3.2",
      "resolved": "https://registry.npmmirror.com/pixi.js/-/pixi.js-6.3.2.tgz",
      "integrity": "sha512-XEF59IQRouXCkTSCwNrNvr08/FY3Dai4lwNdrgh5SLeS4Hmn+lNURq2auM+4lYPfsXtQdpZNdJ5iYrFwP41JvA==",
      "dependencies": {
        "@pixi/accessibility": "6.3.2",
        "@pixi/app": "6.3.2",
        "@pixi/compressed-textures": "6.3.2",
        "@pixi/constants": "6.3.2",
        "@pixi/core": "6.3.2",
        "@pixi/display": "6.3.2",
        "@pixi/extract": "6.3.2",
        "@pixi/filter-alpha": "6.3.2",
        "@pixi/filter-blur": "6.3.2",
        "@pixi/filter-color-matrix": "6.3.2",
        "@pixi/filter-displacement": "6.3.2",
        "@pixi/filter-fxaa": "6.3.2",
        "@pixi/filter-noise": "6.3.2",
        "@pixi/graphics": "6.3.2",
        "@pixi/interaction": "6.3.2",
        "@pixi/loaders": "6.3.2",
        "@pixi/math": "6.3.2",
        "@pixi/mesh": "6.3.2",
        "@pixi/mesh-extras": "6.3.2",
        "@pixi/mixin-cache-as-bitmap": "6.3.2",
        "@pixi/mixin-get-child-by-name": "6.3.2",
        "@pixi/mixin-get-global-position": "6.3.2",
        "@pixi/particle-container": "6.3.2",
        "@pixi/polyfill": "6.3.2",
        "@pixi/prepare": "6.3.2",
        "@pixi/runner": "6.3.2",
        "@pixi/settings": "6.3.2",
        "@pixi/sprite": "6.3.2",
        "@pixi/sprite-animated": "6.3.2",
        "@pixi/sprite-tiling": "6.3.2",
        "@pixi/spritesheet": "6.3.2",
        "@pixi/text": "6.3.2",
        "@pixi/text-bitmap": "6.3.2",
        "@pixi/ticker": "6.3.2",
        "@pixi/utils": "6.3.2"
      }
    },
    "node_modules/promise-polyfill": {
      "version": "8.2.3",
      "resolved": "https://registry.npmmirror.com/promise-polyfill/-/promise-polyfill-8.2.3.tgz",
      "integrity": "sha512-Og0+jCRQetV84U8wVjMNccfGCnMQ9mGs9Hv78QFe+pSDD3gWTpz0y+1QCuxy5d/vBFuZ3iwP2eycAkvqIMPmWg=="
    },
    "node_modules/punycode": {
      "version": "1.3.2",
      "resolved": "https://registry.npmmirror.com/punycode/-/punycode-1.3.2.tgz",
      "integrity": "sha512-RofWgt/7fL5wP1Y7fxE7/EmTLzQVnB0ycyibJ0OOHIlJqTNzglYFxVwETOcIoJqJmpDXJ9xImDv+Fq34F/d4Dw=="
    },
    "node_modules/querystring": {
      "version": "0.2.0",
      "resolved": "https://registry.npmmirror.com/querystring/-/querystring-0.2.0.tgz",
      "integrity": "sha512-X/xY82scca2tau62i9mDyU9K+I+djTMUsvwf7xnUX5GLvVzgJybOJf4Y6o9Zx3oJK/LSXg5tTZBjwzqVPaPO2g==",
      "deprecated": "The querystring API is considered Legacy. new code should use the URLSearchParams API instead.",
      "engines": {
        "node": ">=0.4.x"
      }
    },
    "node_modules/url": {
      "version": "0.11.0",
      "resolved": "https://registry.npmmirror.com/url/-/url-0.11.0.tgz",
      "integrity": "sha512-kbailJa29QrtXnxgq+DdCEGlbTeYM2eJUxsz6vjZavrCYPMIFHMKQmSKYAIuUK2i7hgPm28a8piX5NTUtM/LKQ==",
      "dependencies": {
        "punycode": "1.3.2",
        "querystring": "0.2.0"
      }
    }
  },
  "dependencies": {
    "@pixi/accessibility": {
      "version": "6.3.2",
      "resolved": "https://registry.npmmirror.com/@pixi/accessibility/-/accessibility-6.3.2.tgz",
      "integrity": "sha512-JLDuSGITGEOmR7s0d1Wxj7a3yIp4hP6w2h6ku6iu3clE/bmVtnvhqMX1D1lhjRW/uWUfpVT4U+8CG+LgSsEZ1g==",
      "requires": {}
    },
    "@pixi/app": {
      "version": "6.3.2",
      "resolved": "https://registry.npmmirror.com/@pixi/app/-/app-6.3.2.tgz",
      "integrity": "sha512-V1jnhL92OPiquXtLxUeSZiVDd1mtjRnYpBKA958w29MrIRBx3Y6dgnvsaFZGGWBvSL//WRYV23iZKVL/jRGmmQ==",
      "requires": {}
    },
    "@pixi/compressed-textures": {
      "version": "6.3.2",
      "resolved": "https://registry.npmmirror.com/@pixi/compressed-textures/-/compressed-textures-6.3.2.tgz",
      "integrity": "sha512-E/T9WsWcTstnCaDo3GQZUsvX2bE1tZwJ+rUVQ6ad+9MLI6mpUKJFUy5XXlnZw0uiKU5Hipi1ASPQ8/EQ7kKebA==",
      "requires": {}
    },
    "@pixi/constants": {
      "version": "6.3.2",
      "resolved": "https://registry.npmmirror.com/@pixi/constants/-/constants-6.3.2.tgz",
      "integrity": "sha512-sUE8QEJNl4vWUybS0YqpVUBWoOyLkr5bSj1+3mpmbWJTMVmLB2voFXo7XpSNCBlLH1SBN5flcgJlUWOCgNyATg=="
    },
    "@pixi/core": {
      "version": "6.3.2",
      "resolved": "https://registry.npmmirror.com/@pixi/core/-/core-6.3.2.tgz",
      "integrity": "sha512-91Fw0CbFpPtMKo5TG1wdaZGgR99lX87l15F7kgge7FM7ZR4EghLiJHU8whQ19f/UNOd8AG7mHD84lUB1VXXfoA==",
      "requires": {
        "@types/offscreencanvas": "^2019.6.4"
      }
    },
    "@pixi/display": {
      "version": "6.3.2",
      "resolved": "https://registry.npmmirror.com/@pixi/display/-/display-6.3.2.tgz",
      "integrity": "sha512-D+WiM0BcyPK91RYxl7TXXVNz/5lOGs8Q6jtCMcWgTHwCXxWPOHFnNZ4KPJZpUQ7me8Tl2u+c9hfB5Oh1+17r/Q==",
      "requires": {}
    },
    "@pixi/extract": {
      "version": "6.3.2",
      "resolved": "https://registry.npmmirror.com/@pixi/extract/-/extract-6.3.2.tgz",
      "integrity": "sha512-9DT3EG5dE/+HlSsbWLZ28/+YwGzHwgOPIMLB8AHxDsWYKzDg+SDK53IUE2UIeEiV8AFHwaDT2K+/qPFUUcS0Bw==",
      "requires": {}
    },
    "@pixi/filter-alpha": {
      "version": "6.3.2",
      "resolved": "https://registry.npmmirror.com/@pixi/filter-alpha/-/filter-alpha-6.3.2.tgz",
      "integrity": "sha512-EhFnGuzUnQ94tosInBlMEOtiDtTAm4ZbWtoSYrH3GP7WORCQB5asWTFsOZv/QxwEbloRbxsDOATVIwS5ZcgNOg==",
      "requires": {}
    },
    "@pixi/filter-blur": {
      "version": "6.3.2",
      "resolved": "https://registry.npmmirror.com/@pixi/filter-blur/-/filter-blur-6.3.2.tgz",
      "integrity": "sha512-408Z/Rc2LJRg8AaBfzStAph18G0pT3LdLowdTOqPI2s007jgT7wLr9CyWdRe6DdSmPikgnn50R3QG9YeOPWONw==",
      "requires": {}
    },
    "@pixi/filter-color-matrix": {
      "version": "6.3.2",
      "resolved": "https://registry.npmmirror.com/@pixi/filter-color-matrix/-/filter-color-matrix-6.3.2.tgz",
      "integrity": "sha512-PRrQWRRUJ3qDqHhqYNcZ8H3tjXyFbIoUGdTOgB1uCNBHmzJ7Cirhs4lWYBBTvtduboUSGvLMpkv0sgFwodPw4Q==",
      "requires": {}
    },
    "@pixi/filter-displacement": {
      "version": "6.3.2",
      "resolved": "https://registry.npmmirror.com/@pixi/filter-displacement/-/filter-displacement-6.3.2.tgz",
      "integrity": "sha512-Bda8jY3lVBwlG1GZadYPGXQPO7O+nTt64/KTXQgLtaKB+xj6Me5L7l9IDWtkHEoUTtQK4yCsbkdqKgLKKmNFYg==",
      "requires": {}
    },
    "@pixi/filter-fxaa": {
      "version": "6.3.2",
      "resolved": "https://registry.npmmirror.com/@pixi/filter-fxaa/-/filter-fxaa-6.3.2.tgz",
      "integrity": "sha512-C5Ga5MJlBFoZUa5oOZEsEEByPzpa+JTRVT7+qQ01g4khU1Mnk/p8JvNm6DYUqw9Y821OR80AmHm2O+r5MkLhcQ==",
      "requires": {}
    },
    "@pixi/filter-noise": {
      "version": "6.3.2",
      "resolved": "https://registry.npmmirror.com/@pixi/filter-noise/-/filter-noise-6.3.2.tgz",
      "integrity": "sha512-8lZdccDdlKTNktbD+8aeYfceayV6Rzq1P6NLpbvzFZbxH6JoaaNQb2TQgU+Vl/ZcssBB+IJ8MvJZbLuWKC4CmQ==",
      "requires": {}
    },
    "@pixi/graphics": {
      "version": "6.3.2",
      "resolved": "https://registry.npmmirror.com/@pixi/graphics/-/graphics-6.3.2.tgz",
      "integrity": "sha512-GaykoXJr0pV0e9TB1yOcgvJf9i/fIF/cgT+DnGz82uninWMo31aFJSvhLbZOcEPQRfdHXdFfUkQAAMTICAp7+Q==",
      "requires": {}
    },
    "@pixi/interaction": {
      "version": "6.3.2",
      "resolved": "https://registry.npmmirror.com/@pixi/interaction/-/interaction-6.3.2.tgz",
      "integrity": "sha512-HZyflufAW1B1cQmQBvzv4IxwcHbqQ0zhHiabSVtwPUHW/nCSpw09hL+k4HR/aFyCdRI/99JcvW5QJp1ldA6OBw==",
      "requires": {}
    },
    "@pixi/loaders": {
      "version": "6.3.2",
      "resolved": "https://registry.npmmirror.com/@pixi/loaders/-/loaders-6.3.2.tgz",
      "integrity": "sha512-kkm1pynWTslQsh+h+Tw17MdeRMQ37Ht72xiZetyWbxadRAnzj+x1I9juEKEFK62mw8K/bGBcNPhu7edgmQwkvw==",
      "requires": {}
    },
    "@pixi/math": {
      "version": "6.3.2",
      "resolved": "https://registry.npmmirror.com/@pixi/math/-/math-6.3.2.tgz",
      "integrity": "sha512-REXrCKQaT2shJ3p2Rpq1ZYV4iUeAOUFKnLN2KteQWtB5HQpB8b+w5xBGI+TcnY0FUhx92fbKPYTTvCftNZF4Jw=="
    },
    "@pixi/mesh": {
      "version": "6.3.2",
      "resolved": "https://registry.npmmirror.com/@pixi/mesh/-/mesh-6.3.2.tgz",
      "integrity": "sha512-zhfagRDGkJx+H4a+Im3wQbCeS0Av1FyHzvPeBXXQ7LP/giwTnvJhItlhGMwgFllNEAIB47An0ffFEe5CmTcyKw==",
      "requires": {}
    },
    "@pixi/mesh-extras": {
      "version": "6.3.2",
      "resolved": "https://registry.npmmirror.com/@pixi/mesh-extras/-/mesh-extras-6.3.2.tgz",
      "integrity": "sha512-lODKYkoHqynMK8QxE9ttZ1D+3LnHFG13YL4Yf1W9MGgy1N9G0E5DNB8/Z1BApbRxnRPRg8fsoP2bk5Bn9boWyw==",
      "requires": {}
    },
    "@pixi/mixin-cache-as-bitmap": {
      "version": "6.3.2",
      "resolved": "https://registry.npmmirror.com/@pixi/mixin-cache-as-bitmap/-/mixin-cache-as-bitmap-6.3.2.tgz",
      "integrity": "sha512-Obqnf3Y2JBOtdewkaGb2oa8SDw3+JZCaOB+x0+pBqDivXpwX2eibS4PaYuGVTIa9FdcrGm9SyLOQlL5irEeEqA==",
      "requires": {}
    },
    "@pixi/mixin-get-child-by-name": {
      "version": "6.3.2",
      "resolved": "https://registry.npmmirror.com/@pixi/mixin-get-child-by-name/-/mixin-get-child-by-name-6.3.2.tgz",
      "integrity": "sha512-R6RJzd1aQ5up5N7uO0boOp99gkSZVEbYKofJNRn1pFdzOmuVCgSqERAv9pQnjp5bBD8JvcKN+PYHPn+k+nTprQ==",
      "requires": {}
    },
    "@pixi/mixin-get-global-position": {
      "version": "6.3.2",
      "resolved": "https://registry.npmmirror.com/@pixi/mixin-get-global-position/-/mixin-get-global-position-6.3.2.tgz",
      "integrity": "sha512-R7F1sH68fiIvB723doEzE0+k8OfhM5N0H+Ncp8iwLwXxfUDSHVj40nIngMtdK4bLSk29TTczOeXOzXkOAEVXhA==",
      "requires": {}
    },
    "@pixi/particle-container": {
      "version": "6.3.2",
      "resolved": "https://registry.npmmirror.com/@pixi/particle-container/-/particle-container-6.3.2.tgz",
      "integrity": "sha512-iEHtE2AWQ0NZxv57VzfsBbEEp5WXAt91+l2lNvXf1SbzEm/bqjE56Q5bftx9tl3MJlDmOEfPzzKSwIUcZT+T6w==",
      "requires": {}
    },
    "@pixi/polyfill": {
      "version": "6.3.2",
      "resolved": "https://registry.npmmirror.com/@pixi/polyfill/-/polyfill-6.3.2.tgz",
      "integrity": "sha512-LTKqL/de7TrBoJNh9netkQofwGBIO3NwwQbqBmP6rHXeaHBx9904Pkuf7GJspIFY09TOo5fnctYnJ1F7LfTljg==",
      "requires": {
        "object-assign": "^4.1.1",
        "promise-polyfill": "^8.2.0"
      }
    },
    "@pixi/prepare": {
      "version": "6.3.2",
      "resolved": "https://registry.npmmirror.com/@pixi/prepare/-/prepare-6.3.2.tgz",
      "integrity": "sha512-HFV0jUgr5arNBlgctTRqMCgG42vq48J9QLBCZMCRObJQC5325nEXC1toeEekdzqNcGu5bO8/GKeb6+Km2XK2qA==",
      "requires": {}
    },
    "@pixi/runner": {
      "version": "6.3.2",
      "resolved": "https://registry.npmmirror.com/@pixi/runner/-/runner-6.3.2.tgz",
      "integrity": "sha512-Sspv4VTiV51GwoIg+WudHZHpT3ad5ukW20OLOR+eDOSLbgQEMfj4cTVRg27TvM/QZ/5LxeN3FqwWV+kiWpqCnw=="
    },
    "@pixi/settings": {
      "version": "6.3.2",
      "resolved": "https://registry.npmmirror.com/@pixi/settings/-/settings-6.3.2.tgz",
      "integrity": "sha512-i5cLDUWFnRub3LPa3x7IzkH8MjSwPHyHWzIZKG5t8RiCfbhVfhWGEdKO9AYp8yO/xcf7AqtPK4mikXziL48tXA==",
      "requires": {
        "ismobilejs": "^1.1.0"
      }
    },
    "@pixi/sprite": {
      "version": "6.3.2",
      "resolved": "https://registry.npmmirror.com/@pixi/sprite/-/sprite-6.3.2.tgz",
      "integrity": "sha512-T1KJ8l2f8Otn6Se6h4b2pz2nrUSe59Pnmj2WIzgBisM245h7dGATs05MisMaLV6Lg/3gTBTxsLBmKsbDSQqbNw==",
      "requires": {}
    },
    "@pixi/sprite-animated": {
      "version": "6.3.2",
      "resolved": "https://registry.npmmirror.com/@pixi/sprite-animated/-/sprite-animated-6.3.2.tgz",
      "integrity": "sha512-fSY64i5BqbOmtFKhgOWf9iML4gId7l5hcniUT/s95+eIZiyYss+jxeekVH22DrAyCOAIdsLEClvGCHGj8iXTFw==",
      "requires": {}
    },
    "@pixi/sprite-tiling": {
      "version": "6.3.2",
      "resolved": "https://registry.npmmirror.com/@pixi/sprite-tiling/-/sprite-tiling-6.3.2.tgz",
      "integrity": "sha512-13zsz0xyxMvobEaSXQghSD44+MpSwpbQJYjPVPb7ItqETqQBaZgHpC5uF6vxFR6Hou8Ca8laxRuwgpn3lA095g==",
      "requires": {}
    },
    "@pixi/spritesheet": {
      "version": "6.3.2",
      "resolved": "https://registry.npmmirror.com/@pixi/spritesheet/-/spritesheet-6.3.2.tgz",
      "integrity": "sha512-OCi2BUqcBbh2vvbrnLLBOwxFZMQS+rvjW3udBUNbbqUL+NHy74w8N5Ed8pcxXpdfHbApGG6TVJprCGahtmEfJw==",
      "requires": {}
    },
    "@pixi/text": {
      "version": "6.3.2",
      "resolved": "https://registry.npmmirror.com/@pixi/text/-/text-6.3.2.tgz",
      "integrity": "sha512-YiPnUBmgZ0WzF0+XMm07iRg0jOyPbIjGmXJ+1srU5L9c3cCzvtg5QuYL0lPHS0Z6gyxhj/6ncePhBGO87RIKnA==",
      "requires": {}
    },
    "@pixi/text-bitmap": {
      "version": "6.3.2",
      "resolved": "https://registry.npmmirror.com/@pixi/text-bitmap/-/text-bitmap-6.3.2.tgz",
      "integrity": "sha512-jvMeIxoAGDlSn5rHimISI9F6fTk8D+GXG0YQraRT9oXb1Ugy/bFJph3XOTe46s4oZ5R5QeCLQmo6k7TUIvbSkA==",
      "requires": {}
    },
    "@pixi/ticker": {
      "version": "6.3.2",
      "resolved": "https://registry.npmmirror.com/@pixi/ticker/-/ticker-6.3.2.tgz",
      "integrity": "sha512-Au9IO85zCOOCz50aJALFxJ2C8gbgxvD0dSNm7A5FauanJbxDcctIyrW6I51nNyHyeLIUFEkuD2jE/DmcXsXnpw==",
      "requires": {}
    },
    "@pixi/utils": {
      "version": "6.3.2",
      "resolved": "https://registry.npmmirror.com/@pixi/utils/-/utils-6.3.2.tgz",
      "integrity": "sha512-VpB403kfqwXK9w7Qb6ex0aW0g6pWI/t43F2Z8CA/lAfYcN3O0XoxDucvmkLTQWsMtYn+Yf7YhAcLV5SemKwP0A==",
      "requires": {
        "@types/earcut": "^2.1.0",
        "earcut": "^2.2.2",
        "eventemitter3": "^3.1.0",
        "url": "^0.11.0"
      }
    },
    "@types/earcut": {
      "version": "2.1.1",
      "resolved": "https://registry.npmmirror.com/@types/earcut/-/earcut-2.1.1.tgz",
      "integrity": "sha512-w8oigUCDjElRHRRrMvn/spybSMyX8MTkKA5Dv+tS1IE/TgmNZPqUYtvYBXGY8cieSE66gm+szeK+bnbxC2xHTQ=="
    },
    "@types/offscreencanvas": {
      "version": "2019.6.4",
      "resolved": "https://registry.npmmirror.com/@types/offscreencanvas/-/offscreencanvas-2019.6.4.tgz",
      "integrity": "sha512-u8SAgdZ8ROtkTF+mfZGOscl0or6BSj9A4g37e6nvxDc+YB/oDut0wHkK2PBBiC2bNR8TS0CPV+1gAk4fNisr1Q=="
    },
    "@vant/weapp": {
      "version": "1.10.3",
      "resolved": "https://registry.npmjs.org/@vant/weapp/-/weapp-1.10.3.tgz",
      "integrity": "sha512-CcG5umI+zlJRN6hQXPeknOenPkVm6WBEgBaB6Y94kOmKLx9NHtHBdURwxuJEA4q4mxhUdOuf6sV7I8tZBnCVxw=="
    },
    "earcut": {
      "version": "2.2.3",
      "resolved": "https://registry.npmmirror.com/earcut/-/earcut-2.2.3.tgz",
      "integrity": "sha512-iRDI1QeCQIhMCZk48DRDMVgQSSBDmbzzNhnxIo+pwx3swkfjMh6vh0nWLq1NdvGHLKH6wIrAM3vQWeTj6qeoug=="
    },
    "eventemitter3": {
      "version": "3.1.2",
      "resolved": "https://registry.npmmirror.com/eventemitter3/-/eventemitter3-3.1.2.tgz",
      "integrity": "sha512-tvtQIeLVHjDkJYnzf2dgVMxfuSGJeM/7UCG17TT4EumTfNtF+0nebF/4zWOIkCreAbtNqhGEboB6BWrwqNaw4Q=="
    },
    "ismobilejs": {
      "version": "1.1.1",
      "resolved": "https://registry.npmmirror.com/ismobilejs/-/ismobilejs-1.1.1.tgz",
      "integrity": "sha512-VaFW53yt8QO61k2WJui0dHf4SlL8lxBofUuUmwBo0ljPk0Drz2TiuDW4jo3wDcv41qy/SxrJ+VAzJ/qYqsmzRw=="
    },
    "object-assign": {
      "version": "4.1.1",
      "resolved": "https://registry.npmmirror.com/object-assign/-/object-assign-4.1.1.tgz",
      "integrity": "sha512-rJgTQnkUnH1sFw8yT6VSU3zD3sWmu6sZhIseY8VX+GRu3P6F7Fu+JNDoXfklElbLJSnc3FUQHVe4cU5hj+BcUg=="
    },
    "pixi.js": {
      "version": "6.3.2",
      "resolved": "https://registry.npmmirror.com/pixi.js/-/pixi.js-6.3.2.tgz",
      "integrity": "sha512-XEF59IQRouXCkTSCwNrNvr08/FY3Dai4lwNdrgh5SLeS4Hmn+lNURq2auM+4lYPfsXtQdpZNdJ5iYrFwP41JvA==",
      "requires": {
        "@pixi/accessibility": "6.3.2",
        "@pixi/app": "6.3.2",
        "@pixi/compressed-textures": "6.3.2",
        "@pixi/constants": "6.3.2",
        "@pixi/core": "6.3.2",
        "@pixi/display": "6.3.2",
        "@pixi/extract": "6.3.2",
        "@pixi/filter-alpha": "6.3.2",
        "@pixi/filter-blur": "6.3.2",
        "@pixi/filter-color-matrix": "6.3.2",
        "@pixi/filter-displacement": "6.3.2",
        "@pixi/filter-fxaa": "6.3.2",
        "@pixi/filter-noise": "6.3.2",
        "@pixi/graphics": "6.3.2",
        "@pixi/interaction": "6.3.2",
        "@pixi/loaders": "6.3.2",
        "@pixi/math": "6.3.2",
        "@pixi/mesh": "6.3.2",
        "@pixi/mesh-extras": "6.3.2",
        "@pixi/mixin-cache-as-bitmap": "6.3.2",
        "@pixi/mixin-get-child-by-name": "6.3.2",
        "@pixi/mixin-get-global-position": "6.3.2",
        "@pixi/particle-container": "6.3.2",
        "@pixi/polyfill": "6.3.2",
        "@pixi/prepare": "6.3.2",
        "@pixi/runner": "6.3.2",
        "@pixi/settings": "6.3.2",
        "@pixi/sprite": "6.3.2",
        "@pixi/sprite-animated": "6.3.2",
        "@pixi/sprite-tiling": "6.3.2",
        "@pixi/spritesheet": "6.3.2",
        "@pixi/text": "6.3.2",
        "@pixi/text-bitmap": "6.3.2",
        "@pixi/ticker": "6.3.2",
        "@pixi/utils": "6.3.2"
      }
    },
    "promise-polyfill": {
      "version": "8.2.3",
      "resolved": "https://registry.npmmirror.com/promise-polyfill/-/promise-polyfill-8.2.3.tgz",
      "integrity": "sha512-Og0+jCRQetV84U8wVjMNccfGCnMQ9mGs9Hv78QFe+pSDD3gWTpz0y+1QCuxy5d/vBFuZ3iwP2eycAkvqIMPmWg=="
    },
    "punycode": {
      "version": "1.3.2",
      "resolved": "https://registry.npmmirror.com/punycode/-/punycode-1.3.2.tgz",
      "integrity": "sha512-RofWgt/7fL5wP1Y7fxE7/EmTLzQVnB0ycyibJ0OOHIlJqTNzglYFxVwETOcIoJqJmpDXJ9xImDv+Fq34F/d4Dw=="
    },
    "querystring": {
      "version": "0.2.0",
      "resolved": "https://registry.npmmirror.com/querystring/-/querystring-0.2.0.tgz",
      "integrity": "sha512-X/xY82scca2tau62i9mDyU9K+I+djTMUsvwf7xnUX5GLvVzgJybOJf4Y6o9Zx3oJK/LSXg5tTZBjwzqVPaPO2g=="
    },
    "url": {
      "version": "0.11.0",
      "resolved": "https://registry.npmmirror.com/url/-/url-0.11.0.tgz",
      "integrity": "sha512-kbailJa29QrtXnxgq+DdCEGlbTeYM2eJUxsz6vjZavrCYPMIFHMKQmSKYAIuUK2i7hgPm28a8piX5NTUtM/LKQ==",
      "requires": {
        "punycode": "1.3.2",
        "querystring": "0.2.0"
      }
    }
  }
}
